
Microsoft Visual Studio Solution File, Format Version 12.00
# Visual Studio 15
VisualStudioVersion = 15.0.27703.2035
MinimumVisualStudioVersion = 10.0.40219.1
Project("{FAE04EC0-301F-11D3-BF4B-00C04F79EFBC}") = "MultiChoiceAdventure", "MultiChoiceAdventure\MultiChoiceAdventure.csproj", "{AF07137E-262C-4ABF-92EE-8CAD7F4C92DC}"
EndProject
Global
	GlobalSection(SolutionConfigurationPlatforms) = preSolution
		Debug|Any CPU = Debug|Any CPU
		Release|Any CPU = Release|Any CPU
	EndGlobalSection
	GlobalSection(ProjectConfigurationPlatforms) = postSolution
		{AF07137E-262C-4ABF-92EE-8CAD7F4C92DC}.Debug|Any CPU.ActiveCfg = Debug|Any CPU
		{AF07137E-262C-4ABF-92EE-8CAD7F4C92DC}.Debug|Any CPU.Build.0 = Debug|Any CPU
		{AF07137E-262C-4ABF-92EE-8CAD7F4C92DC}.Release|Any CPU.ActiveCfg = Release|Any CPU
		{AF07137E-262C-4ABF-92EE-8CAD7F4C92DC}.Release|Any CPU.Build.0 = Release|Any CPU
	EndGlobalSection
	GlobalSection(SolutionProperties) = preSolution
		HideSolutionNode = FALSE
	EndGlobalSection
	GlobalSection(ExtensibilityGlobals) = postSolution
		SolutionGuid = {0795379B-CB5A-43CB-AEAE-39AD5367BB05}
	EndGlobalSection
EndGlobal
